
Microsoft Visual Studio Solution File, Format Version 12.00
# Visual Studio Version 16
VisualStudioVersion = 16.0.29418.71
MinimumVisualStudioVersion = 10.0.40219.1
Project("{9A19103F-16F7-4668-BE54-9A1E7A4F7556}") = "DotAPNS", "DotAPNS\DotAPNS.csproj", "{04BE6D94-9409-4EF6-884D-CBA9209B6D19}"
EndProject
Project("{9A19103F-16F7-4668-BE54-9A1E7A4F7556}") = "BarkServerNet", "BarkServerNet\BarkServerNet.csproj", "{97BA4ABB-0933-487A-806E-F41C0B212F2A}"
EndProject
Project("{FAE04EC0-301F-11D3-BF4B-00C04F79EFBC}") = "DotAPNS.Extensions", "DotAPNS.Extensions\DotAPNS.Extensions.csproj", "{514CAAF6-0255-4603-8030-9ADFC3F4E89A}"
EndProject
Global
	GlobalSection(SolutionConfigurationPlatforms) = preSolution
		Debug|Any CPU = Debug|Any CPU
		Release|Any CPU = Release|Any CPU
	EndGlobalSection
	GlobalSection(ProjectConfigurationPlatforms) = postSolution
		{04BE6D94-9409-4EF6-884D-CBA9209B6D19}.Debug|Any CPU.ActiveCfg = Debug|Any CPU
		{04BE6D94-9409-4EF6-884D-CBA9209B6D19}.Debug|Any CPU.Build.0 = Debug|Any CPU
		{04BE6D94-9409-4EF6-884D-CBA9209B6D19}.Release|Any CPU.ActiveCfg = Release|Any CPU
		{04BE6D94-9409-4EF6-884D-CBA9209B6D19}.Release|Any CPU.Build.0 = Release|Any CPU
		{97BA4ABB-0933-487A-806E-F41C0B212F2A}.Debug|Any CPU.ActiveCfg = Debug|Any CPU
		{97BA4ABB-0933-487A-806E-F41C0B212F2A}.Debug|Any CPU.Build.0 = Debug|Any CPU
		{97BA4ABB-0933-487A-806E-F41C0B212F2A}.Release|Any CPU.ActiveCfg = Release|Any CPU
		{97BA4ABB-0933-487A-806E-F41C0B212F2A}.Release|Any CPU.Build.0 = Release|Any CPU
		{514CAAF6-0255-4603-8030-9ADFC3F4E89A}.Debug|Any CPU.ActiveCfg = Debug|Any CPU
		{514CAAF6-0255-4603-8030-9ADFC3F4E89A}.Debug|Any CPU.Build.0 = Debug|Any CPU
		{514CAAF6-0255-4603-8030-9ADFC3F4E89A}.Release|Any CPU.ActiveCfg = Release|Any CPU
		{514CAAF6-0255-4603-8030-9ADFC3F4E89A}.Release|Any CPU.Build.0 = Release|Any CPU
	EndGlobalSection
	GlobalSection(SolutionProperties) = preSolution
		HideSolutionNode = FALSE
	EndGlobalSection
	GlobalSection(ExtensibilityGlobals) = postSolution
		SolutionGuid = {833358AC-A3CA-4BD8-AE8A-DD81AD0FDB89}
	EndGlobalSection
EndGlobal
